
Microsoft Visual Studio Solution File, Format Version 12.00
# Visual Studio Version 16
VisualStudioVersion = 16.0.30104.148
MinimumVisualStudioVersion = 10.0.40219.1
Project("{FAE04EC0-301F-11D3-BF4B-00C04F79EFBC}") = "第二次课堂作业1", "第二次课堂作业1\第二次课堂作业1.csproj", "{736E6CB8-3701-4779-8D44-76ABF32385F8}"
EndProject
Global
	GlobalSection(SolutionConfigurationPlatforms) = preSolution
		Debug|Any CPU = Debug|Any CPU
		Release|Any CPU = Release|Any CPU
	EndGlobalSection
	GlobalSection(ProjectConfigurationPlatforms) = postSolution
		{736E6CB8-3701-4779-8D44-76ABF32385F8}.Debug|Any CPU.ActiveCfg = Debug|Any CPU
		{736E6CB8-3701-4779-8D44-76ABF32385F8}.Debug|Any CPU.Build.0 = Debug|Any CPU
		{736E6CB8-3701-4779-8D44-76ABF32385F8}.Release|Any CPU.ActiveCfg = Release|Any CPU
		{736E6CB8-3701-4779-8D44-76ABF32385F8}.Release|Any CPU.Build.0 = Release|Any CPU
	EndGlobalSection
	GlobalSection(SolutionProperties) = preSolution
		HideSolutionNode = FALSE
	EndGlobalSection
	GlobalSection(ExtensibilityGlobals) = postSolution
		SolutionGuid = {40F2DB4B-B46E-4747-9BCE-C1338844D209}
	EndGlobalSection
EndGlobal
